
Microsoft Visual Studio Solution File, Format Version 12.00
# Visual Studio Version 17
VisualStudioVersion = 17.13.35818.85 d17.13
MinimumVisualStudioVersion = 10.0.40219.1
Project("{FAE04EC0-301F-11D3-BF4B-00C04F79EFBC}") = "Potesara", "Potesara.csproj", "{7128E268-BC34-1ECE-C07E-31D6EE3CA582}"
EndProject
Global
	GlobalSection(SolutionConfigurationPlatforms) = preSolution
		Debug|Any CPU = Debug|Any CPU
		Release|Any CPU = Release|Any CPU
	EndGlobalSection
	GlobalSection(ProjectConfigurationPlatforms) = postSolution
		{7128E268-BC34-1ECE-C07E-31D6EE3CA582}.Debug|Any CPU.ActiveCfg = Debug|Any CPU
		{7128E268-BC34-1ECE-C07E-31D6EE3CA582}.Debug|Any CPU.Build.0 = Debug|Any CPU
		{7128E268-BC34-1ECE-C07E-31D6EE3CA582}.Release|Any CPU.ActiveCfg = Release|Any CPU
		{7128E268-BC34-1ECE-C07E-31D6EE3CA582}.Release|Any CPU.Build.0 = Release|Any CPU
	EndGlobalSection
	GlobalSection(SolutionProperties) = preSolution
		HideSolutionNode = FALSE
	EndGlobalSection
	GlobalSection(ExtensibilityGlobals) = postSolution
		SolutionGuid = {5BA542AD-73BF-4D49-9B95-545EC534A870}
	EndGlobalSection
EndGlobal
